
Microsoft Visual Studio Solution File, Format Version 12.00
# Visual Studio Version 17
VisualStudioVersion = 17.8.34330.188
MinimumVisualStudioVersion = 10.0.40219.1
Project("{FAE04EC0-301F-11D3-BF4B-00C04F79EFBC}") = "ejercicio15_Lista_Libros", "ejercicio15_Lista_Libros\ejercicio15_Lista_Libros.csproj", "{EC023409-F7AD-4ED2-9455-5FCE513679D5}"
EndProject
Global
	GlobalSection(SolutionConfigurationPlatforms) = preSolution
		Debug|Any CPU = Debug|Any CPU
		Release|Any CPU = Release|Any CPU
	EndGlobalSection
	GlobalSection(ProjectConfigurationPlatforms) = postSolution
		{EC023409-F7AD-4ED2-9455-5FCE513679D5}.Debug|Any CPU.ActiveCfg = Debug|Any CPU
		{EC023409-F7AD-4ED2-9455-5FCE513679D5}.Debug|Any CPU.Build.0 = Debug|Any CPU
		{EC023409-F7AD-4ED2-9455-5FCE513679D5}.Release|Any CPU.ActiveCfg = Release|Any CPU
		{EC023409-F7AD-4ED2-9455-5FCE513679D5}.Release|Any CPU.Build.0 = Release|Any CPU
	EndGlobalSection
	GlobalSection(SolutionProperties) = preSolution
		HideSolutionNode = FALSE
	EndGlobalSection
	GlobalSection(ExtensibilityGlobals) = postSolution
		SolutionGuid = {71C2BD4A-D16E-49A5-94F8-5E0D60B55389}
	EndGlobalSection
EndGlobal
