
Microsoft Visual Studio Solution File, Format Version 12.00
# Visual Studio Version 17
VisualStudioVersion = 17.8.34330.188
MinimumVisualStudioVersion = 10.0.40219.1
Project("{FAE04EC0-301F-11D3-BF4B-00C04F79EFBC}") = "ejercicioCoche", "ejercicioCoche\ejercicioCoche.csproj", "{79B7719E-8F52-4D81-A5E1-7CC54A6FBDCD}"
EndProject
Global
	GlobalSection(SolutionConfigurationPlatforms) = preSolution
		Debug|Any CPU = Debug|Any CPU
		Release|Any CPU = Release|Any CPU
	EndGlobalSection
	GlobalSection(ProjectConfigurationPlatforms) = postSolution
		{79B7719E-8F52-4D81-A5E1-7CC54A6FBDCD}.Debug|Any CPU.ActiveCfg = Debug|Any CPU
		{79B7719E-8F52-4D81-A5E1-7CC54A6FBDCD}.Debug|Any CPU.Build.0 = Debug|Any CPU
		{79B7719E-8F52-4D81-A5E1-7CC54A6FBDCD}.Release|Any CPU.ActiveCfg = Release|Any CPU
		{79B7719E-8F52-4D81-A5E1-7CC54A6FBDCD}.Release|Any CPU.Build.0 = Release|Any CPU
	EndGlobalSection
	GlobalSection(SolutionProperties) = preSolution
		HideSolutionNode = FALSE
	EndGlobalSection
	GlobalSection(ExtensibilityGlobals) = postSolution
		SolutionGuid = {E5BB35B8-6611-45FA-8E28-EEA5A4144FAB}
	EndGlobalSection
EndGlobal
