
Microsoft Visual Studio Solution File, Format Version 12.00
# Visual Studio Version 17
VisualStudioVersion = 17.8.34330.188
MinimumVisualStudioVersion = 10.0.40219.1
Project("{FAE04EC0-301F-11D3-BF4B-00C04F79EFBC}") = "ejercicio12_Hora", "ejercicio12_Hora\ejercicio12_Hora.csproj", "{A59D78B6-5A1F-424F-B98A-AE28326DEABD}"
EndProject
Global
	GlobalSection(SolutionConfigurationPlatforms) = preSolution
		Debug|Any CPU = Debug|Any CPU
		Release|Any CPU = Release|Any CPU
	EndGlobalSection
	GlobalSection(ProjectConfigurationPlatforms) = postSolution
		{A59D78B6-5A1F-424F-B98A-AE28326DEABD}.Debug|Any CPU.ActiveCfg = Debug|Any CPU
		{A59D78B6-5A1F-424F-B98A-AE28326DEABD}.Debug|Any CPU.Build.0 = Debug|Any CPU
		{A59D78B6-5A1F-424F-B98A-AE28326DEABD}.Release|Any CPU.ActiveCfg = Release|Any CPU
		{A59D78B6-5A1F-424F-B98A-AE28326DEABD}.Release|Any CPU.Build.0 = Release|Any CPU
	EndGlobalSection
	GlobalSection(SolutionProperties) = preSolution
		HideSolutionNode = FALSE
	EndGlobalSection
	GlobalSection(ExtensibilityGlobals) = postSolution
		SolutionGuid = {77E0B664-1DDF-42DC-9844-59628B43D855}
	EndGlobalSection
EndGlobal
