
Microsoft Visual Studio Solution File, Format Version 12.00
# Visual Studio Version 17
VisualStudioVersion = 17.8.34330.188
MinimumVisualStudioVersion = 10.0.40219.1
Project("{FAE04EC0-301F-11D3-BF4B-00C04F79EFBC}") = "ejercicio5_Ordenador", "ejercicio5_Ordenador\ejercicio5_Ordenador.csproj", "{27BEBB81-41D6-4D2C-905E-3BB0BCCEF502}"
EndProject
Global
	GlobalSection(SolutionConfigurationPlatforms) = preSolution
		Debug|Any CPU = Debug|Any CPU
		Release|Any CPU = Release|Any CPU
	EndGlobalSection
	GlobalSection(ProjectConfigurationPlatforms) = postSolution
		{27BEBB81-41D6-4D2C-905E-3BB0BCCEF502}.Debug|Any CPU.ActiveCfg = Debug|Any CPU
		{27BEBB81-41D6-4D2C-905E-3BB0BCCEF502}.Debug|Any CPU.Build.0 = Debug|Any CPU
		{27BEBB81-41D6-4D2C-905E-3BB0BCCEF502}.Release|Any CPU.ActiveCfg = Release|Any CPU
		{27BEBB81-41D6-4D2C-905E-3BB0BCCEF502}.Release|Any CPU.Build.0 = Release|Any CPU
	EndGlobalSection
	GlobalSection(SolutionProperties) = preSolution
		HideSolutionNode = FALSE
	EndGlobalSection
	GlobalSection(ExtensibilityGlobals) = postSolution
		SolutionGuid = {637FB20F-0A73-4DBF-A4F4-4F2C75B04756}
	EndGlobalSection
EndGlobal
