
Microsoft Visual Studio Solution File, Format Version 12.00
# Visual Studio Version 17
VisualStudioVersion = 17.8.34330.188
MinimumVisualStudioVersion = 10.0.40219.1
Project("{FAE04EC0-301F-11D3-BF4B-00C04F79EFBC}") = "ejercicio13_InvertirNumeros", "ejercicio13_InvertirNumeros\ejercicio13_InvertirNumeros.csproj", "{2E963B69-A039-4210-97E2-AE7A0114ABA3}"
EndProject
Global
	GlobalSection(SolutionConfigurationPlatforms) = preSolution
		Debug|Any CPU = Debug|Any CPU
		Release|Any CPU = Release|Any CPU
	EndGlobalSection
	GlobalSection(ProjectConfigurationPlatforms) = postSolution
		{2E963B69-A039-4210-97E2-AE7A0114ABA3}.Debug|Any CPU.ActiveCfg = Debug|Any CPU
		{2E963B69-A039-4210-97E2-AE7A0114ABA3}.Debug|Any CPU.Build.0 = Debug|Any CPU
		{2E963B69-A039-4210-97E2-AE7A0114ABA3}.Release|Any CPU.ActiveCfg = Release|Any CPU
		{2E963B69-A039-4210-97E2-AE7A0114ABA3}.Release|Any CPU.Build.0 = Release|Any CPU
	EndGlobalSection
	GlobalSection(SolutionProperties) = preSolution
		HideSolutionNode = FALSE
	EndGlobalSection
	GlobalSection(ExtensibilityGlobals) = postSolution
		SolutionGuid = {8AF874B9-71DE-46B5-BE88-2846D3494F2E}
	EndGlobalSection
EndGlobal
