
Microsoft Visual Studio Solution File, Format Version 12.00
# Visual Studio Version 17
VisualStudioVersion = 17.8.34330.188
MinimumVisualStudioVersion = 10.0.40219.1
Project("{FAE04EC0-301F-11D3-BF4B-00C04F79EFBC}") = "ejercicio10Fecha", "ejercicio10Fecha\ejercicio10Fecha.csproj", "{8509AAD2-1B6B-4139-B003-AEA52C67DB89}"
EndProject
Global
	GlobalSection(SolutionConfigurationPlatforms) = preSolution
		Debug|Any CPU = Debug|Any CPU
		Release|Any CPU = Release|Any CPU
	EndGlobalSection
	GlobalSection(ProjectConfigurationPlatforms) = postSolution
		{8509AAD2-1B6B-4139-B003-AEA52C67DB89}.Debug|Any CPU.ActiveCfg = Debug|Any CPU
		{8509AAD2-1B6B-4139-B003-AEA52C67DB89}.Debug|Any CPU.Build.0 = Debug|Any CPU
		{8509AAD2-1B6B-4139-B003-AEA52C67DB89}.Release|Any CPU.ActiveCfg = Release|Any CPU
		{8509AAD2-1B6B-4139-B003-AEA52C67DB89}.Release|Any CPU.Build.0 = Release|Any CPU
	EndGlobalSection
	GlobalSection(SolutionProperties) = preSolution
		HideSolutionNode = FALSE
	EndGlobalSection
	GlobalSection(ExtensibilityGlobals) = postSolution
		SolutionGuid = {C10CA6BD-A89D-4D39-A956-B4CFEBA71DFD}
	EndGlobalSection
EndGlobal
